{
  "nodes": {
    "home-manager": {
      "inputs": {
        "nixpkgs": [
          "nixpkgs"
        ]
      },
      "locked": {
        "lastModified": 1716729631,
        "narHash": "sha256-IerjU5GUeKc0eW9FPOdlPveSGJ2ZrO+lIfuHPUmUF2I=",
        "owner": "nix-community",
        "repo": "home-manager",
        "rev": "fc4492181833eaaa7a26a8081c0615d95792d825",
        "type": "github"
      },
      "original": {
        "owner": "nix-community",
        "ref": "release-23.05",
        "repo": "home-manager",
        "type": "github"
      }
    },
    "neovim-release": {
      "flake": false,
      "locked": {
        "lastModified": 1727945314,
        "narHash": "sha256-+qjjelYMB3MyjaESfCaGoeBURUzSVh/50uxUqStxIfY=",
        "owner": "neovim",
        "repo": "neovim",
        "rev": "8b98642002d0506d20628683958cb5c97a0dad80",
        "type": "github"
      },
      "original": {
        "owner": "neovim",
        "repo": "neovim",
        "rev": "8b98642002d0506d20628683958cb5c97a0dad80",
        "type": "github"
      }
    },
    "nixpkgs": {
      "locked": {
        "lastModified": 1704290814,
        "narHash": "sha256-LWvKHp7kGxk/GEtlrGYV68qIvPHkU9iToomNFGagixU=",
        "owner": "NixOS",
        "repo": "nixpkgs",
        "rev": "70bdadeb94ffc8806c0570eb5c2695ad29f0e421",
        "type": "github"
      },
      "original": {
        "id": "nixpkgs",
        "ref": "nixos-23.05",
        "type": "indirect"
      }
    },
    "nixpkgs_2": {
      "locked": {
        "lastModified": 1675431879,
        "narHash": "sha256-kF/24JC5syftRJE64GMK14/vdLRbuEzZjV1cqxBfCeU=",
        "owner": "NixOS",
        "repo": "nixpkgs",
        "rev": "959190ecf6e5b8c7c30721f3235de84d568359ee",
        "type": "github"
      },
      "original": {
        "owner": "NixOS",
        "ref": "nixpkgs-unstable",
        "repo": "nixpkgs",
        "type": "github"
      }
    },
    "oil": {
      "flake": false,
      "locked": {
        "lastModified": 1733872944,
        "narHash": "sha256-LM/RWrh3zSVuiO3uI9lcZRjx1T1kw0L2fB1fQCBnHX4=",
        "owner": "stevearc",
        "repo": "oil.nvim",
        "rev": "dba037598843973b8c54bc5ce0318db4a0da439d",
        "type": "github"
      },
      "original": {
        "owner": "stevearc",
        "repo": "oil.nvim",
        "type": "github"
      }
    },
    "purescript-vim": {
      "inputs": {
        "nixpkgs": "nixpkgs_2"
      },
      "locked": {
        "lastModified": 1675674661,
        "narHash": "sha256-IrPiiDghh5qdeaTM6M4oRzay+LvqL3sdoiM2m89O4pA=",
        "owner": "purescript-contrib",
        "repo": "purescript-vim",
        "rev": "82348352e6568fcc0385bd7c99a8ead3a479feea",
        "type": "github"
      },
      "original": {
        "owner": "purescript-contrib",
        "repo": "purescript-vim",
        "type": "github"
      }
    },
    "root": {
      "inputs": {
        "home-manager": "home-manager",
        "neovim-release": "neovim-release",
        "nixpkgs": "nixpkgs",
        "oil": "oil",
        "purescript-vim": "purescript-vim"
      }
    }
  },
  "root": "root",
  "version": 7
}
