{
  "nodes": {
    "home-manager": {
      "inputs": {
        "nixpkgs": [
          "nixpkgs"
        ]
      },
      "locked": {
        "lastModified": 1759106866,
        "narHash": "sha256-GjLvAl7qxGxKtop6ghasxjQ1biTT7pA+WU45byzMl/4=",
        "owner": "nix-community",
        "repo": "home-manager",
        "rev": "619ae569293b6427d23cce4854eb4f3c33af3eec",
        "type": "github"
      },
      "original": {
        "owner": "nix-community",
        "repo": "home-manager",
        "type": "github"
      }
    },
    "nixpkgs": {
      "locked": {
        "lastModified": 1759036355,
        "narHash": "sha256-0m27AKv6ka+q270dw48KflE0LwQYrO7Fm4/2//KCVWg=",
        "owner": "NixOS",
        "repo": "nixpkgs",
        "rev": "e9f00bd893984bc8ce46c895c3bf7cac95331127",
        "type": "github"
      },
      "original": {
        "id": "nixpkgs",
        "ref": "nixos-unstable",
        "type": "indirect"
      }
    },
    "nixpkgs_2": {
      "locked": {
        "lastModified": 1675431879,
        "narHash": "sha256-kF/24JC5syftRJE64GMK14/vdLRbuEzZjV1cqxBfCeU=",
        "owner": "NixOS",
        "repo": "nixpkgs",
        "rev": "959190ecf6e5b8c7c30721f3235de84d568359ee",
        "type": "github"
      },
      "original": {
        "owner": "NixOS",
        "ref": "nixpkgs-unstable",
        "repo": "nixpkgs",
        "type": "github"
      }
    },
    "oil": {
      "flake": false,
      "locked": {
        "lastModified": 1758988107,
        "narHash": "sha256-mbcrKgXodoNKD3nluJG6645iEa7aUVJqUTAvbVsealU=",
        "owner": "stevearc",
        "repo": "oil.nvim",
        "rev": "919e155fdf38e9148cdb5304faaaf53c20d703ea",
        "type": "github"
      },
      "original": {
        "owner": "stevearc",
        "repo": "oil.nvim",
        "type": "github"
      }
    },
    "purescript-vim": {
      "inputs": {
        "nixpkgs": "nixpkgs_2"
      },
      "locked": {
        "lastModified": 1675674661,
        "narHash": "sha256-IrPiiDghh5qdeaTM6M4oRzay+LvqL3sdoiM2m89O4pA=",
        "owner": "purescript-contrib",
        "repo": "purescript-vim",
        "rev": "82348352e6568fcc0385bd7c99a8ead3a479feea",
        "type": "github"
      },
      "original": {
        "owner": "purescript-contrib",
        "repo": "purescript-vim",
        "type": "github"
      }
    },
    "root": {
      "inputs": {
        "home-manager": "home-manager",
        "nixpkgs": "nixpkgs",
        "oil": "oil",
        "purescript-vim": "purescript-vim"
      }
    }
  },
  "root": "root",
  "version": 7
}
